
Microsoft Visual Studio Solution File, Format Version 12.00
# Visual Studio Version 17
VisualStudioVersion = 17.1.32228.430
MinimumVisualStudioVersion = 10.0.40219.1
Project("{2150E333-8FDC-42A3-9474-1A3956D46DE8}") = "src", "src", "{85F97144-3F7C-44C7-80A0-3E5C5F232060}"
EndProject
Project("{2150E333-8FDC-42A3-9474-1A3956D46DE8}") = "test", "test", "{FC23654E-61BD-47CA-AC6B-19AD802E1266}"
EndProject
Project("{9A19103F-16F7-4668-BE54-9A1E7A4F7556}") = "Ddon.Application", "src\Ddon.Application\Ddon.Application.csproj", "{D3FA8022-8594-4FCB-80AF-D47AF03D048A}"
EndProject
Project("{9A19103F-16F7-4668-BE54-9A1E7A4F7556}") = "Ddon.AspNetCore", "src\Ddon.AspNetCore\Ddon.AspNetCore.csproj", "{58773A89-1CA8-401F-ACAA-3BCFAEA440EA}"
EndProject
Project("{9A19103F-16F7-4668-BE54-9A1E7A4F7556}") = "Ddon.Cache", "src\Ddon.Cache\Ddon.Cache.csproj", "{645B3F3E-8B50-4624-9CB6-1FBFB38FF6E7}"
EndProject
Project("{9A19103F-16F7-4668-BE54-9A1E7A4F7556}") = "Ddon.Identity", "src\Ddon.Identity\Ddon.Identity.csproj", "{BCB20978-6016-4A18-8231-F514CEB66F0B}"
EndProject
Project("{9A19103F-16F7-4668-BE54-9A1E7A4F7556}") = "Ddon.Localizer", "src\Ddon.Localizer\Ddon.Localizer.csproj", "{AEBBC681-0C5D-4AC9-BBBE-3D22D0A28568}"
EndProject
Project("{9A19103F-16F7-4668-BE54-9A1E7A4F7556}") = "Ddon.Repository", "src\Ddon.Repository\Ddon.Repository.csproj", "{89A85153-49AE-4D93-8570-38674D83274C}"
EndProject
Project("{9A19103F-16F7-4668-BE54-9A1E7A4F7556}") = "Ddon.UploadFile", "src\Ddon.UploadFile\Ddon.UploadFile.csproj", "{381745B2-5779-4A3B-962C-5CB09F8AAEE2}"
EndProject
Project("{9A19103F-16F7-4668-BE54-9A1E7A4F7556}") = "Ddon.Core", "src\Ddon.Core\Ddon.Core.csproj", "{E6ED9214-F228-47C6-BF6C-761193E11333}"
EndProject
Project("{9A19103F-16F7-4668-BE54-9A1E7A4F7556}") = "Ddon.KeyValueStorage", "src\Ddon.KeyValueStorage\Ddon.KeyValueStorage.csproj", "{FF78B681-4252-48E6-9869-2607A8B7FE3F}"
EndProject
Project("{9A19103F-16F7-4668-BE54-9A1E7A4F7556}") = "Ddon.Serilog", "src\Ddon.Serilog\Ddon.Serilog.csproj", "{3F397E61-AC3B-4EE4-BE08-68D8F8AA6898}"
EndProject
Project("{9A19103F-16F7-4668-BE54-9A1E7A4F7556}") = "Ddon.Socket", "src\Ddon.Socket\Ddon.Socket.csproj", "{28164010-9805-43F8-8B55-3E2AF187212E}"
EndProject
Project("{9A19103F-16F7-4668-BE54-9A1E7A4F7556}") = "Ddon.EventBus", "src\Ddon.EventBus\Ddon.EventBus.csproj", "{C52E1466-85B2-4164-B4B4-E0048C3EEE95}"
EndProject
Project("{9A19103F-16F7-4668-BE54-9A1E7A4F7556}") = "Ddon.EventBus.Memory", "src\Ddon.EventBus.Memory\Ddon.EventBus.Memory.csproj", "{C2DB8522-3F53-4359-AEC2-A7A3D6CC0856}"
EndProject
Project("{9A19103F-16F7-4668-BE54-9A1E7A4F7556}") = "Ddon.Mail", "src\Ddon.Mail\Ddon.Mail.csproj", "{8E967A9D-E8C7-4A7B-86B3-A3C23B9DED2B}"
EndProject
Project("{9A19103F-16F7-4668-BE54-9A1E7A4F7556}") = "Ddon.Job", "src\Ddon.Job\Ddon.Job.csproj", "{049B93EE-4832-4779-9334-043D853E7F67}"
EndProject
Project("{9A19103F-16F7-4668-BE54-9A1E7A4F7556}") = "Test.Ddon.Socket", "test\Test.Ddon.Socket\Test.Ddon.Socket.csproj", "{4DB7B85F-A65F-4990-8C39-6D379C403B0D}"
EndProject
Project("{9A19103F-16F7-4668-BE54-9A1E7A4F7556}") = "Test.Job", "test\Test.Job\Test.Job.csproj", "{98D17783-ED51-4BA1-9FFB-20951EBB3AC4}"
EndProject
Project("{9A19103F-16F7-4668-BE54-9A1E7A4F7556}") = "Ddon.Domain", "src\Ddon.Domain\Ddon.Domain.csproj", "{E449CE94-CDD3-4201-8A75-BC314F914194}"
EndProject
Project("{9A19103F-16F7-4668-BE54-9A1E7A4F7556}") = "Test.Repository", "test\Test.Repository\Test.Repository.csproj", "{94C83760-DF47-48FF-B330-4223EE3001BE}"
EndProject
Project("{9A19103F-16F7-4668-BE54-9A1E7A4F7556}") = "Ddon.Test", "src\Ddon.Test\Ddon.Test.csproj", "{DF4C98F9-9BDF-4BBF-A9F6-5C73999FE919}"
EndProject
Project("{9A19103F-16F7-4668-BE54-9A1E7A4F7556}") = "Test.WebApplication", "test\Test.WebApplication\Test.WebApplication.csproj", "{10415C54-565E-4A7D-8A88-91F353805A7E}"
EndProject
Project("{FAE04EC0-301F-11D3-BF4B-00C04F79EFBC}") = "Test.WebApplication.Client", "test\Test.WebApplication.Client\Test.WebApplication.Client.csproj", "{25F946E9-2B41-44AD-8379-03449F0ABE23}"
EndProject
Global
	GlobalSection(SolutionConfigurationPlatforms) = preSolution
		Debug|Any CPU = Debug|Any CPU
		Release|Any CPU = Release|Any CPU
	EndGlobalSection
	GlobalSection(ProjectConfigurationPlatforms) = postSolution
		{D3FA8022-8594-4FCB-80AF-D47AF03D048A}.Debug|Any CPU.ActiveCfg = Debug|Any CPU
		{D3FA8022-8594-4FCB-80AF-D47AF03D048A}.Debug|Any CPU.Build.0 = Debug|Any CPU
		{D3FA8022-8594-4FCB-80AF-D47AF03D048A}.Release|Any CPU.ActiveCfg = Release|Any CPU
		{D3FA8022-8594-4FCB-80AF-D47AF03D048A}.Release|Any CPU.Build.0 = Release|Any CPU
		{58773A89-1CA8-401F-ACAA-3BCFAEA440EA}.Debug|Any CPU.ActiveCfg = Debug|Any CPU
		{58773A89-1CA8-401F-ACAA-3BCFAEA440EA}.Debug|Any CPU.Build.0 = Debug|Any CPU
		{58773A89-1CA8-401F-ACAA-3BCFAEA440EA}.Release|Any CPU.ActiveCfg = Release|Any CPU
		{58773A89-1CA8-401F-ACAA-3BCFAEA440EA}.Release|Any CPU.Build.0 = Release|Any CPU
		{645B3F3E-8B50-4624-9CB6-1FBFB38FF6E7}.Debug|Any CPU.ActiveCfg = Debug|Any CPU
		{645B3F3E-8B50-4624-9CB6-1FBFB38FF6E7}.Debug|Any CPU.Build.0 = Debug|Any CPU
		{645B3F3E-8B50-4624-9CB6-1FBFB38FF6E7}.Release|Any CPU.ActiveCfg = Release|Any CPU
		{645B3F3E-8B50-4624-9CB6-1FBFB38FF6E7}.Release|Any CPU.Build.0 = Release|Any CPU
		{BCB20978-6016-4A18-8231-F514CEB66F0B}.Debug|Any CPU.ActiveCfg = Debug|Any CPU
		{BCB20978-6016-4A18-8231-F514CEB66F0B}.Debug|Any CPU.Build.0 = Debug|Any CPU
		{BCB20978-6016-4A18-8231-F514CEB66F0B}.Release|Any CPU.ActiveCfg = Release|Any CPU
		{BCB20978-6016-4A18-8231-F514CEB66F0B}.Release|Any CPU.Build.0 = Release|Any CPU
		{AEBBC681-0C5D-4AC9-BBBE-3D22D0A28568}.Debug|Any CPU.ActiveCfg = Debug|Any CPU
		{AEBBC681-0C5D-4AC9-BBBE-3D22D0A28568}.Debug|Any CPU.Build.0 = Debug|Any CPU
		{AEBBC681-0C5D-4AC9-BBBE-3D22D0A28568}.Release|Any CPU.ActiveCfg = Release|Any CPU
		{AEBBC681-0C5D-4AC9-BBBE-3D22D0A28568}.Release|Any CPU.Build.0 = Release|Any CPU
		{89A85153-49AE-4D93-8570-38674D83274C}.Debug|Any CPU.ActiveCfg = Debug|Any CPU
		{89A85153-49AE-4D93-8570-38674D83274C}.Debug|Any CPU.Build.0 = Debug|Any CPU
		{89A85153-49AE-4D93-8570-38674D83274C}.Release|Any CPU.ActiveCfg = Release|Any CPU
		{89A85153-49AE-4D93-8570-38674D83274C}.Release|Any CPU.Build.0 = Release|Any CPU
		{381745B2-5779-4A3B-962C-5CB09F8AAEE2}.Debug|Any CPU.ActiveCfg = Debug|Any CPU
		{381745B2-5779-4A3B-962C-5CB09F8AAEE2}.Debug|Any CPU.Build.0 = Debug|Any CPU
		{381745B2-5779-4A3B-962C-5CB09F8AAEE2}.Release|Any CPU.ActiveCfg = Release|Any CPU
		{381745B2-5779-4A3B-962C-5CB09F8AAEE2}.Release|Any CPU.Build.0 = Release|Any CPU
		{E6ED9214-F228-47C6-BF6C-761193E11333}.Debug|Any CPU.ActiveCfg = Debug|Any CPU
		{E6ED9214-F228-47C6-BF6C-761193E11333}.Debug|Any CPU.Build.0 = Debug|Any CPU
		{E6ED9214-F228-47C6-BF6C-761193E11333}.Release|Any CPU.ActiveCfg = Release|Any CPU
		{E6ED9214-F228-47C6-BF6C-761193E11333}.Release|Any CPU.Build.0 = Release|Any CPU
		{FF78B681-4252-48E6-9869-2607A8B7FE3F}.Debug|Any CPU.ActiveCfg = Debug|Any CPU
		{FF78B681-4252-48E6-9869-2607A8B7FE3F}.Debug|Any CPU.Build.0 = Debug|Any CPU
		{FF78B681-4252-48E6-9869-2607A8B7FE3F}.Release|Any CPU.ActiveCfg = Release|Any CPU
		{FF78B681-4252-48E6-9869-2607A8B7FE3F}.Release|Any CPU.Build.0 = Release|Any CPU
		{3F397E61-AC3B-4EE4-BE08-68D8F8AA6898}.Debug|Any CPU.ActiveCfg = Debug|Any CPU
		{3F397E61-AC3B-4EE4-BE08-68D8F8AA6898}.Debug|Any CPU.Build.0 = Debug|Any CPU
		{3F397E61-AC3B-4EE4-BE08-68D8F8AA6898}.Release|Any CPU.ActiveCfg = Release|Any CPU
		{3F397E61-AC3B-4EE4-BE08-68D8F8AA6898}.Release|Any CPU.Build.0 = Release|Any CPU
		{28164010-9805-43F8-8B55-3E2AF187212E}.Debug|Any CPU.ActiveCfg = Debug|Any CPU
		{28164010-9805-43F8-8B55-3E2AF187212E}.Debug|Any CPU.Build.0 = Debug|Any CPU
		{28164010-9805-43F8-8B55-3E2AF187212E}.Release|Any CPU.ActiveCfg = Release|Any CPU
		{28164010-9805-43F8-8B55-3E2AF187212E}.Release|Any CPU.Build.0 = Release|Any CPU
		{C52E1466-85B2-4164-B4B4-E0048C3EEE95}.Debug|Any CPU.ActiveCfg = Debug|Any CPU
		{C52E1466-85B2-4164-B4B4-E0048C3EEE95}.Debug|Any CPU.Build.0 = Debug|Any CPU
		{C52E1466-85B2-4164-B4B4-E0048C3EEE95}.Release|Any CPU.ActiveCfg = Release|Any CPU
		{C52E1466-85B2-4164-B4B4-E0048C3EEE95}.Release|Any CPU.Build.0 = Release|Any CPU
		{C2DB8522-3F53-4359-AEC2-A7A3D6CC0856}.Debug|Any CPU.ActiveCfg = Debug|Any CPU
		{C2DB8522-3F53-4359-AEC2-A7A3D6CC0856}.Debug|Any CPU.Build.0 = Debug|Any CPU
		{C2DB8522-3F53-4359-AEC2-A7A3D6CC0856}.Release|Any CPU.ActiveCfg = Release|Any CPU
		{C2DB8522-3F53-4359-AEC2-A7A3D6CC0856}.Release|Any CPU.Build.0 = Release|Any CPU
		{8E967A9D-E8C7-4A7B-86B3-A3C23B9DED2B}.Debug|Any CPU.ActiveCfg = Debug|Any CPU
		{8E967A9D-E8C7-4A7B-86B3-A3C23B9DED2B}.Debug|Any CPU.Build.0 = Debug|Any CPU
		{8E967A9D-E8C7-4A7B-86B3-A3C23B9DED2B}.Release|Any CPU.ActiveCfg = Release|Any CPU
		{8E967A9D-E8C7-4A7B-86B3-A3C23B9DED2B}.Release|Any CPU.Build.0 = Release|Any CPU
		{049B93EE-4832-4779-9334-043D853E7F67}.Debug|Any CPU.ActiveCfg = Debug|Any CPU
		{049B93EE-4832-4779-9334-043D853E7F67}.Debug|Any CPU.Build.0 = Debug|Any CPU
		{049B93EE-4832-4779-9334-043D853E7F67}.Release|Any CPU.ActiveCfg = Release|Any CPU
		{049B93EE-4832-4779-9334-043D853E7F67}.Release|Any CPU.Build.0 = Release|Any CPU
		{4DB7B85F-A65F-4990-8C39-6D379C403B0D}.Debug|Any CPU.ActiveCfg = Debug|Any CPU
		{4DB7B85F-A65F-4990-8C39-6D379C403B0D}.Debug|Any CPU.Build.0 = Debug|Any CPU
		{4DB7B85F-A65F-4990-8C39-6D379C403B0D}.Release|Any CPU.ActiveCfg = Release|Any CPU
		{4DB7B85F-A65F-4990-8C39-6D379C403B0D}.Release|Any CPU.Build.0 = Release|Any CPU
		{98D17783-ED51-4BA1-9FFB-20951EBB3AC4}.Debug|Any CPU.ActiveCfg = Debug|Any CPU
		{98D17783-ED51-4BA1-9FFB-20951EBB3AC4}.Debug|Any CPU.Build.0 = Debug|Any CPU
		{98D17783-ED51-4BA1-9FFB-20951EBB3AC4}.Release|Any CPU.ActiveCfg = Release|Any CPU
		{98D17783-ED51-4BA1-9FFB-20951EBB3AC4}.Release|Any CPU.Build.0 = Release|Any CPU
		{E449CE94-CDD3-4201-8A75-BC314F914194}.Debug|Any CPU.ActiveCfg = Debug|Any CPU
		{E449CE94-CDD3-4201-8A75-BC314F914194}.Debug|Any CPU.Build.0 = Debug|Any CPU
		{E449CE94-CDD3-4201-8A75-BC314F914194}.Release|Any CPU.ActiveCfg = Release|Any CPU
		{E449CE94-CDD3-4201-8A75-BC314F914194}.Release|Any CPU.Build.0 = Release|Any CPU
		{94C83760-DF47-48FF-B330-4223EE3001BE}.Debug|Any CPU.ActiveCfg = Debug|Any CPU
		{94C83760-DF47-48FF-B330-4223EE3001BE}.Debug|Any CPU.Build.0 = Debug|Any CPU
		{94C83760-DF47-48FF-B330-4223EE3001BE}.Release|Any CPU.ActiveCfg = Release|Any CPU
		{94C83760-DF47-48FF-B330-4223EE3001BE}.Release|Any CPU.Build.0 = Release|Any CPU
		{DF4C98F9-9BDF-4BBF-A9F6-5C73999FE919}.Debug|Any CPU.ActiveCfg = Debug|Any CPU
		{DF4C98F9-9BDF-4BBF-A9F6-5C73999FE919}.Debug|Any CPU.Build.0 = Debug|Any CPU
		{DF4C98F9-9BDF-4BBF-A9F6-5C73999FE919}.Release|Any CPU.ActiveCfg = Release|Any CPU
		{DF4C98F9-9BDF-4BBF-A9F6-5C73999FE919}.Release|Any CPU.Build.0 = Release|Any CPU
		{10415C54-565E-4A7D-8A88-91F353805A7E}.Debug|Any CPU.ActiveCfg = Debug|Any CPU
		{10415C54-565E-4A7D-8A88-91F353805A7E}.Debug|Any CPU.Build.0 = Debug|Any CPU
		{10415C54-565E-4A7D-8A88-91F353805A7E}.Release|Any CPU.ActiveCfg = Release|Any CPU
		{10415C54-565E-4A7D-8A88-91F353805A7E}.Release|Any CPU.Build.0 = Release|Any CPU
		{25F946E9-2B41-44AD-8379-03449F0ABE23}.Debug|Any CPU.ActiveCfg = Debug|Any CPU
		{25F946E9-2B41-44AD-8379-03449F0ABE23}.Debug|Any CPU.Build.0 = Debug|Any CPU
		{25F946E9-2B41-44AD-8379-03449F0ABE23}.Release|Any CPU.ActiveCfg = Release|Any CPU
		{25F946E9-2B41-44AD-8379-03449F0ABE23}.Release|Any CPU.Build.0 = Release|Any CPU
	EndGlobalSection
	GlobalSection(SolutionProperties) = preSolution
		HideSolutionNode = FALSE
	EndGlobalSection
	GlobalSection(NestedProjects) = preSolution
		{D3FA8022-8594-4FCB-80AF-D47AF03D048A} = {85F97144-3F7C-44C7-80A0-3E5C5F232060}
		{58773A89-1CA8-401F-ACAA-3BCFAEA440EA} = {85F97144-3F7C-44C7-80A0-3E5C5F232060}
		{645B3F3E-8B50-4624-9CB6-1FBFB38FF6E7} = {85F97144-3F7C-44C7-80A0-3E5C5F232060}
		{BCB20978-6016-4A18-8231-F514CEB66F0B} = {85F97144-3F7C-44C7-80A0-3E5C5F232060}
		{AEBBC681-0C5D-4AC9-BBBE-3D22D0A28568} = {85F97144-3F7C-44C7-80A0-3E5C5F232060}
		{89A85153-49AE-4D93-8570-38674D83274C} = {85F97144-3F7C-44C7-80A0-3E5C5F232060}
		{381745B2-5779-4A3B-962C-5CB09F8AAEE2} = {85F97144-3F7C-44C7-80A0-3E5C5F232060}
		{E6ED9214-F228-47C6-BF6C-761193E11333} = {85F97144-3F7C-44C7-80A0-3E5C5F232060}
		{FF78B681-4252-48E6-9869-2607A8B7FE3F} = {85F97144-3F7C-44C7-80A0-3E5C5F232060}
		{3F397E61-AC3B-4EE4-BE08-68D8F8AA6898} = {85F97144-3F7C-44C7-80A0-3E5C5F232060}
		{28164010-9805-43F8-8B55-3E2AF187212E} = {85F97144-3F7C-44C7-80A0-3E5C5F232060}
		{C52E1466-85B2-4164-B4B4-E0048C3EEE95} = {85F97144-3F7C-44C7-80A0-3E5C5F232060}
		{C2DB8522-3F53-4359-AEC2-A7A3D6CC0856} = {85F97144-3F7C-44C7-80A0-3E5C5F232060}
		{8E967A9D-E8C7-4A7B-86B3-A3C23B9DED2B} = {85F97144-3F7C-44C7-80A0-3E5C5F232060}
		{049B93EE-4832-4779-9334-043D853E7F67} = {85F97144-3F7C-44C7-80A0-3E5C5F232060}
		{4DB7B85F-A65F-4990-8C39-6D379C403B0D} = {FC23654E-61BD-47CA-AC6B-19AD802E1266}
		{98D17783-ED51-4BA1-9FFB-20951EBB3AC4} = {FC23654E-61BD-47CA-AC6B-19AD802E1266}
		{E449CE94-CDD3-4201-8A75-BC314F914194} = {85F97144-3F7C-44C7-80A0-3E5C5F232060}
		{94C83760-DF47-48FF-B330-4223EE3001BE} = {FC23654E-61BD-47CA-AC6B-19AD802E1266}
		{DF4C98F9-9BDF-4BBF-A9F6-5C73999FE919} = {85F97144-3F7C-44C7-80A0-3E5C5F232060}
		{10415C54-565E-4A7D-8A88-91F353805A7E} = {FC23654E-61BD-47CA-AC6B-19AD802E1266}
		{25F946E9-2B41-44AD-8379-03449F0ABE23} = {FC23654E-61BD-47CA-AC6B-19AD802E1266}
	EndGlobalSection
	GlobalSection(ExtensibilityGlobals) = postSolution
		SolutionGuid = {246F3ACF-C0A2-4053-861F-3C986A0921CE}
	EndGlobalSection
EndGlobal
