<Solution>
  <Folder Name="/framework/">
    <Project Path="../../src/Ddon.Common/Ddon.Common.csproj" />
    <Project Path="../../src/Ddon.Desktop.Avalonia/Ddon.Desktop.Avalonia.csproj" />
    <Project Path="../../src/Ddon.Desktop.Core/Ddon.Desktop.Core.csproj" />
    <Project Path="../../src/Ddon.EventBus.Memory/Ddon.EventBus.Memory.csproj" />
    <Project Path="../../src/Ddon.EventBus/Ddon.EventBus.csproj" />
    <Project Path="../../src/Ddon.Lua/Ddon.Lua.csproj" />
    <Project Path="../../src/Ddon.OpcUaServer/Ddon.OpcUaServer.csproj" />
    <Project Path="../../src/Ddon.VitrinPLC/Ddon.VitrinPLC.csproj" />
  </Folder>
  <Folder Name="/src/">
    <Project Path="VitrinRuntime.Desktop/VitrinRuntime.Desktop.csproj" />
  </Folder>
</Solution>
